
Microsoft Visual Studio Solution File, Format Version 12.00
Project("{FAE04EC0-301F-11D3-BF4B-00C04F79EFBC}") = "yavc", "yavc\yavc.csproj", "{0C873101-A9D3-48AF-8E3E-5583CCA1BFDF}"
EndProject
Project("{FAE04EC0-301F-11D3-BF4B-00C04F79EFBC}") = "vmfio", "vmfio\vmfio.csproj", "{54B798BC-B93B-459F-BB38-DCFDB2CFAEBF}"
EndProject
Project("{FAE04EC0-301F-11D3-BF4B-00C04F79EFBC}") = "utility", "utility\utility.csproj", "{E016B663-668F-403D-A80F-4EBEE5476721}"
EndProject
Project("{FAE04EC0-301F-11D3-BF4B-00C04F79EFBC}") = "geometry", "geometry\geometry.csproj", "{BED73ADE-4ABD-4BF9-B014-2E4BC209B2CF}"
EndProject
Project("{FAE04EC0-301F-11D3-BF4B-00C04F79EFBC}") = "yavc-vtf", "yavc-vtf\yavc-vtf.csproj", "{99AED6B4-496E-4AC4-9C04-2C0D15DEF8A1}"
EndProject
Project("{FAE04EC0-301F-11D3-BF4B-00C04F79EFBC}") = "geometry.test", "geometry.test\geometry.test.csproj", "{709FE63B-B16F-4C92-8E86-158DD6E142C1}"
EndProject
Project("{FAE04EC0-301F-11D3-BF4B-00C04F79EFBC}") = "vmfio.test", "vmfio.test\vmfio.test.csproj", "{3692C625-2270-4B06-8814-2BC562E7C6CC}"
EndProject
Global
	GlobalSection(SolutionConfigurationPlatforms) = preSolution
		Debug|Any CPU = Debug|Any CPU
		Release|Any CPU = Release|Any CPU
	EndGlobalSection
	GlobalSection(ProjectConfigurationPlatforms) = postSolution
		{0C873101-A9D3-48AF-8E3E-5583CCA1BFDF}.Debug|Any CPU.ActiveCfg = Debug|Any CPU
		{0C873101-A9D3-48AF-8E3E-5583CCA1BFDF}.Debug|Any CPU.Build.0 = Debug|Any CPU
		{0C873101-A9D3-48AF-8E3E-5583CCA1BFDF}.Release|Any CPU.ActiveCfg = Release|Any CPU
		{0C873101-A9D3-48AF-8E3E-5583CCA1BFDF}.Release|Any CPU.Build.0 = Release|Any CPU
		{54B798BC-B93B-459F-BB38-DCFDB2CFAEBF}.Debug|Any CPU.ActiveCfg = Debug|Any CPU
		{54B798BC-B93B-459F-BB38-DCFDB2CFAEBF}.Debug|Any CPU.Build.0 = Debug|Any CPU
		{54B798BC-B93B-459F-BB38-DCFDB2CFAEBF}.Release|Any CPU.ActiveCfg = Release|Any CPU
		{54B798BC-B93B-459F-BB38-DCFDB2CFAEBF}.Release|Any CPU.Build.0 = Release|Any CPU
		{E016B663-668F-403D-A80F-4EBEE5476721}.Debug|Any CPU.ActiveCfg = Debug|Any CPU
		{E016B663-668F-403D-A80F-4EBEE5476721}.Debug|Any CPU.Build.0 = Debug|Any CPU
		{E016B663-668F-403D-A80F-4EBEE5476721}.Release|Any CPU.ActiveCfg = Release|Any CPU
		{E016B663-668F-403D-A80F-4EBEE5476721}.Release|Any CPU.Build.0 = Release|Any CPU
		{BED73ADE-4ABD-4BF9-B014-2E4BC209B2CF}.Debug|Any CPU.ActiveCfg = Debug|Any CPU
		{BED73ADE-4ABD-4BF9-B014-2E4BC209B2CF}.Debug|Any CPU.Build.0 = Debug|Any CPU
		{BED73ADE-4ABD-4BF9-B014-2E4BC209B2CF}.Release|Any CPU.ActiveCfg = Release|Any CPU
		{BED73ADE-4ABD-4BF9-B014-2E4BC209B2CF}.Release|Any CPU.Build.0 = Release|Any CPU
		{99AED6B4-496E-4AC4-9C04-2C0D15DEF8A1}.Debug|Any CPU.ActiveCfg = Debug|Any CPU
		{99AED6B4-496E-4AC4-9C04-2C0D15DEF8A1}.Debug|Any CPU.Build.0 = Debug|Any CPU
		{99AED6B4-496E-4AC4-9C04-2C0D15DEF8A1}.Release|Any CPU.ActiveCfg = Release|Any CPU
		{99AED6B4-496E-4AC4-9C04-2C0D15DEF8A1}.Release|Any CPU.Build.0 = Release|Any CPU
		{709FE63B-B16F-4C92-8E86-158DD6E142C1}.Debug|Any CPU.ActiveCfg = Debug|Any CPU
		{709FE63B-B16F-4C92-8E86-158DD6E142C1}.Debug|Any CPU.Build.0 = Debug|Any CPU
		{709FE63B-B16F-4C92-8E86-158DD6E142C1}.Release|Any CPU.ActiveCfg = Release|Any CPU
		{709FE63B-B16F-4C92-8E86-158DD6E142C1}.Release|Any CPU.Build.0 = Release|Any CPU
		{3692C625-2270-4B06-8814-2BC562E7C6CC}.Debug|Any CPU.ActiveCfg = Debug|Any CPU
		{3692C625-2270-4B06-8814-2BC562E7C6CC}.Debug|Any CPU.Build.0 = Debug|Any CPU
		{3692C625-2270-4B06-8814-2BC562E7C6CC}.Release|Any CPU.ActiveCfg = Release|Any CPU
		{3692C625-2270-4B06-8814-2BC562E7C6CC}.Release|Any CPU.Build.0 = Release|Any CPU
	EndGlobalSection
EndGlobal
